
Microsoft Visual Studio Solution File, Format Version 12.00
# Visual Studio 16
Project("{FAE04EC0-301F-11D3-BF4B-00C04F79EFBC}") = "Assembly-CSharp", "Assembly-CSharp.csproj", "{4F3D35E3-0E6D-619C-6534-DDF502C8E0F1}"
EndProject
Project("{FAE04EC0-301F-11D3-BF4B-00C04F79EFBC}") = "Assembly-CSharp-Editor", "Assembly-CSharp-Editor.csproj", "{9303CEAD-01AA-F6D1-1709-82002289CFA5}"
EndProject
Global
	GlobalSection(SolutionConfigurationPlatforms) = preSolution
		Debug|Any CPU = Debug|Any CPU
		Release|Any CPU = Release|Any CPU
	EndGlobalSection
	GlobalSection(ProjectConfigurationPlatforms) = postSolution
		{4F3D35E3-0E6D-619C-6534-DDF502C8E0F1}.Debug|Any CPU.ActiveCfg = Debug|Any CPU
		{4F3D35E3-0E6D-619C-6534-DDF502C8E0F1}.Debug|Any CPU.Build.0 = Debug|Any CPU
		{4F3D35E3-0E6D-619C-6534-DDF502C8E0F1}.Release|Any CPU.ActiveCfg = Release|Any CPU
		{4F3D35E3-0E6D-619C-6534-DDF502C8E0F1}.Release|Any CPU.Build.0 = Release|Any CPU
		{9303CEAD-01AA-F6D1-1709-82002289CFA5}.Debug|Any CPU.ActiveCfg = Debug|Any CPU
		{9303CEAD-01AA-F6D1-1709-82002289CFA5}.Debug|Any CPU.Build.0 = Debug|Any CPU
		{9303CEAD-01AA-F6D1-1709-82002289CFA5}.Release|Any CPU.ActiveCfg = Release|Any CPU
		{9303CEAD-01AA-F6D1-1709-82002289CFA5}.Release|Any CPU.Build.0 = Release|Any CPU
	EndGlobalSection
	GlobalSection(SolutionProperties) = preSolution
		HideSolutionNode = FALSE
	EndGlobalSection
EndGlobal
